
Microsoft Visual Studio Solution File, Format Version 12.00
# Visual Studio Version 16
VisualStudioVersion = 16.0.29215.179
MinimumVisualStudioVersion = 10.0.40219.1
Project("{2150E333-8FDC-42A3-9474-1A3956D46DE8}") = "创建型模式", "创建型模式", "{31656711-2783-464E-BFFD-A0E187CBBBDA}"
EndProject
Project("{9A19103F-16F7-4668-BE54-9A1E7A4F7556}") = "简单工厂模式", "简单工厂模式\简单工厂模式.csproj", "{1A021BB5-7C07-4875-B31D-7D6AFAC9A843}"
EndProject
Project("{9A19103F-16F7-4668-BE54-9A1E7A4F7556}") = "工厂模式", "工厂模式\工厂模式.csproj", "{BF508659-15CA-47A8-B7B0-A4DC0850625D}"
EndProject
Project("{9A19103F-16F7-4668-BE54-9A1E7A4F7556}") = "抽象工厂模式", "抽象工厂模式\抽象工厂模式.csproj", "{09CEA914-71A1-4A0B-B7A7-973AE5BC2E27}"
EndProject
Project("{FAE04EC0-301F-11D3-BF4B-00C04F79EFBC}") = "单例模式", "单例模式\单例模式.csproj", "{A8E39B52-DED9-4136-9543-7CD7AA442665}"
EndProject
Project("{FAE04EC0-301F-11D3-BF4B-00C04F79EFBC}") = "建造者模式", "建造者模式\建造者模式.csproj", "{8BA4F814-63FA-4386-B529-60FA09265DBC}"
EndProject
Project("{FAE04EC0-301F-11D3-BF4B-00C04F79EFBC}") = "原型模式", "原型模式\原型模式.csproj", "{68DCC914-57D3-4C08-963A-1E5814E90B46}"
EndProject
Project("{9A19103F-16F7-4668-BE54-9A1E7A4F7556}") = "原型模式二", "原型模式二\原型模式二.csproj", "{69141AD5-ACAF-476F-848D-F970F1D2B115}"
EndProject
Project("{2150E333-8FDC-42A3-9474-1A3956D46DE8}") = "结构型模式", "结构型模式", "{74AD9E92-9766-498D-9048-434347CE6346}"
EndProject
Project("{FAE04EC0-301F-11D3-BF4B-00C04F79EFBC}") = "适配器模式", "适配器模式\适配器模式.csproj", "{CB0D9183-5075-483E-8EB4-2320E8EAFC05}"
EndProject
Project("{FAE04EC0-301F-11D3-BF4B-00C04F79EFBC}") = "适配器模式二", "适配器模式二\适配器模式二.csproj", "{CFB04F2C-48A8-4653-824D-53679014CE68}"
EndProject
Global
	GlobalSection(SolutionConfigurationPlatforms) = preSolution
		Debug|Any CPU = Debug|Any CPU
		Release|Any CPU = Release|Any CPU
	EndGlobalSection
	GlobalSection(ProjectConfigurationPlatforms) = postSolution
		{1A021BB5-7C07-4875-B31D-7D6AFAC9A843}.Debug|Any CPU.ActiveCfg = Debug|Any CPU
		{1A021BB5-7C07-4875-B31D-7D6AFAC9A843}.Debug|Any CPU.Build.0 = Debug|Any CPU
		{1A021BB5-7C07-4875-B31D-7D6AFAC9A843}.Release|Any CPU.ActiveCfg = Release|Any CPU
		{1A021BB5-7C07-4875-B31D-7D6AFAC9A843}.Release|Any CPU.Build.0 = Release|Any CPU
		{BF508659-15CA-47A8-B7B0-A4DC0850625D}.Debug|Any CPU.ActiveCfg = Debug|Any CPU
		{BF508659-15CA-47A8-B7B0-A4DC0850625D}.Debug|Any CPU.Build.0 = Debug|Any CPU
		{BF508659-15CA-47A8-B7B0-A4DC0850625D}.Release|Any CPU.ActiveCfg = Release|Any CPU
		{BF508659-15CA-47A8-B7B0-A4DC0850625D}.Release|Any CPU.Build.0 = Release|Any CPU
		{09CEA914-71A1-4A0B-B7A7-973AE5BC2E27}.Debug|Any CPU.ActiveCfg = Debug|Any CPU
		{09CEA914-71A1-4A0B-B7A7-973AE5BC2E27}.Debug|Any CPU.Build.0 = Debug|Any CPU
		{09CEA914-71A1-4A0B-B7A7-973AE5BC2E27}.Release|Any CPU.ActiveCfg = Release|Any CPU
		{09CEA914-71A1-4A0B-B7A7-973AE5BC2E27}.Release|Any CPU.Build.0 = Release|Any CPU
		{A8E39B52-DED9-4136-9543-7CD7AA442665}.Debug|Any CPU.ActiveCfg = Debug|Any CPU
		{A8E39B52-DED9-4136-9543-7CD7AA442665}.Debug|Any CPU.Build.0 = Debug|Any CPU
		{A8E39B52-DED9-4136-9543-7CD7AA442665}.Release|Any CPU.ActiveCfg = Release|Any CPU
		{A8E39B52-DED9-4136-9543-7CD7AA442665}.Release|Any CPU.Build.0 = Release|Any CPU
		{8BA4F814-63FA-4386-B529-60FA09265DBC}.Debug|Any CPU.ActiveCfg = Debug|Any CPU
		{8BA4F814-63FA-4386-B529-60FA09265DBC}.Debug|Any CPU.Build.0 = Debug|Any CPU
		{8BA4F814-63FA-4386-B529-60FA09265DBC}.Release|Any CPU.ActiveCfg = Release|Any CPU
		{8BA4F814-63FA-4386-B529-60FA09265DBC}.Release|Any CPU.Build.0 = Release|Any CPU
		{68DCC914-57D3-4C08-963A-1E5814E90B46}.Debug|Any CPU.ActiveCfg = Debug|Any CPU
		{68DCC914-57D3-4C08-963A-1E5814E90B46}.Debug|Any CPU.Build.0 = Debug|Any CPU
		{68DCC914-57D3-4C08-963A-1E5814E90B46}.Release|Any CPU.ActiveCfg = Release|Any CPU
		{68DCC914-57D3-4C08-963A-1E5814E90B46}.Release|Any CPU.Build.0 = Release|Any CPU
		{69141AD5-ACAF-476F-848D-F970F1D2B115}.Debug|Any CPU.ActiveCfg = Debug|Any CPU
		{69141AD5-ACAF-476F-848D-F970F1D2B115}.Debug|Any CPU.Build.0 = Debug|Any CPU
		{69141AD5-ACAF-476F-848D-F970F1D2B115}.Release|Any CPU.ActiveCfg = Release|Any CPU
		{69141AD5-ACAF-476F-848D-F970F1D2B115}.Release|Any CPU.Build.0 = Release|Any CPU
		{CB0D9183-5075-483E-8EB4-2320E8EAFC05}.Debug|Any CPU.ActiveCfg = Debug|Any CPU
		{CB0D9183-5075-483E-8EB4-2320E8EAFC05}.Debug|Any CPU.Build.0 = Debug|Any CPU
		{CB0D9183-5075-483E-8EB4-2320E8EAFC05}.Release|Any CPU.ActiveCfg = Release|Any CPU
		{CB0D9183-5075-483E-8EB4-2320E8EAFC05}.Release|Any CPU.Build.0 = Release|Any CPU
		{CFB04F2C-48A8-4653-824D-53679014CE68}.Debug|Any CPU.ActiveCfg = Debug|Any CPU
		{CFB04F2C-48A8-4653-824D-53679014CE68}.Debug|Any CPU.Build.0 = Debug|Any CPU
		{CFB04F2C-48A8-4653-824D-53679014CE68}.Release|Any CPU.ActiveCfg = Release|Any CPU
		{CFB04F2C-48A8-4653-824D-53679014CE68}.Release|Any CPU.Build.0 = Release|Any CPU
	EndGlobalSection
	GlobalSection(SolutionProperties) = preSolution
		HideSolutionNode = FALSE
	EndGlobalSection
	GlobalSection(NestedProjects) = preSolution
		{1A021BB5-7C07-4875-B31D-7D6AFAC9A843} = {31656711-2783-464E-BFFD-A0E187CBBBDA}
		{BF508659-15CA-47A8-B7B0-A4DC0850625D} = {31656711-2783-464E-BFFD-A0E187CBBBDA}
		{09CEA914-71A1-4A0B-B7A7-973AE5BC2E27} = {31656711-2783-464E-BFFD-A0E187CBBBDA}
		{A8E39B52-DED9-4136-9543-7CD7AA442665} = {31656711-2783-464E-BFFD-A0E187CBBBDA}
		{8BA4F814-63FA-4386-B529-60FA09265DBC} = {31656711-2783-464E-BFFD-A0E187CBBBDA}
		{68DCC914-57D3-4C08-963A-1E5814E90B46} = {31656711-2783-464E-BFFD-A0E187CBBBDA}
		{69141AD5-ACAF-476F-848D-F970F1D2B115} = {31656711-2783-464E-BFFD-A0E187CBBBDA}
		{CB0D9183-5075-483E-8EB4-2320E8EAFC05} = {74AD9E92-9766-498D-9048-434347CE6346}
		{CFB04F2C-48A8-4653-824D-53679014CE68} = {74AD9E92-9766-498D-9048-434347CE6346}
	EndGlobalSection
	GlobalSection(ExtensibilityGlobals) = postSolution
		SolutionGuid = {F61A6B93-8468-477C-A92A-F5B57CE9AD78}
	EndGlobalSection
EndGlobal
